
Microsoft Visual Studio Solution File, Format Version 12.00
# Visual Studio 2013
VisualStudioVersion = 12.0.20617.1 PREVIEW
MinimumVisualStudioVersion = 10.0.40219.1
Project("{FAE04EC0-301F-11D3-BF4B-00C04F79EFBC}") = "ProgressiveScroll", "ProgressiveScroll.csproj", "{A3FAB610-FAB4-4F84-99A1-84E58A1E79C1}"
EndProject
Global
	GlobalSection(SolutionConfigurationPlatforms) = preSolution
		VS10 Debug|Any CPU = VS10 Debug|Any CPU
		VS10 Release|Any CPU = VS10 Release|Any CPU
		VS11 Debug|Any CPU = VS11 Debug|Any CPU
		VS11 Release|Any CPU = VS11 Release|Any CPU
		VS12 Debug|Any CPU = VS12 Debug|Any CPU
		VS12 Release|Any CPU = VS12 Release|Any CPU
	EndGlobalSection
	GlobalSection(ProjectConfigurationPlatforms) = postSolution
		{A3FAB610-FAB4-4F84-99A1-84E58A1E79C1}.VS10 Debug|Any CPU.ActiveCfg = VS10 Debug|Any CPU
		{A3FAB610-FAB4-4F84-99A1-84E58A1E79C1}.VS10 Debug|Any CPU.Build.0 = VS10 Debug|Any CPU
		{A3FAB610-FAB4-4F84-99A1-84E58A1E79C1}.VS10 Release|Any CPU.ActiveCfg = VS10 Release|Any CPU
		{A3FAB610-FAB4-4F84-99A1-84E58A1E79C1}.VS10 Release|Any CPU.Build.0 = VS10 Release|Any CPU
		{A3FAB610-FAB4-4F84-99A1-84E58A1E79C1}.VS11 Debug|Any CPU.ActiveCfg = VS11 Debug|Any CPU
		{A3FAB610-FAB4-4F84-99A1-84E58A1E79C1}.VS11 Debug|Any CPU.Build.0 = VS11 Debug|Any CPU
		{A3FAB610-FAB4-4F84-99A1-84E58A1E79C1}.VS11 Release|Any CPU.ActiveCfg = VS11 Release|Any CPU
		{A3FAB610-FAB4-4F84-99A1-84E58A1E79C1}.VS11 Release|Any CPU.Build.0 = VS11 Release|Any CPU
		{A3FAB610-FAB4-4F84-99A1-84E58A1E79C1}.VS12 Debug|Any CPU.ActiveCfg = VS12 Debug|Any CPU
		{A3FAB610-FAB4-4F84-99A1-84E58A1E79C1}.VS12 Debug|Any CPU.Build.0 = VS12 Debug|Any CPU
		{A3FAB610-FAB4-4F84-99A1-84E58A1E79C1}.VS12 Release|Any CPU.ActiveCfg = VS12 Release|Any CPU
		{A3FAB610-FAB4-4F84-99A1-84E58A1E79C1}.VS12 Release|Any CPU.Build.0 = VS12 Release|Any CPU
	EndGlobalSection
	GlobalSection(SolutionProperties) = preSolution
		HideSolutionNode = FALSE
	EndGlobalSection
EndGlobal
